Microsoft Visual Studio Solution File, Format Version 9.00
# Visual Studio 2005
Project("{8BC9CEB8-8B4A-11D0-8D11-00A0C91BC942}") = "MyIsapi", "MyIsapi\MyIsapi.vcproj", "{DD9C2C26-EF99-43AC-904F-F5DD338F6714}"
EndProject
Project("{8BC9CEB8-8B4A-11D0-8D11-00A0C91BC942}") = "Form", "Form\Form.vcproj", "{C4A035E8-9513-4A53-B3E5-8577BF039805}"
EndProject
Project("{8BC9CEB8-8B4A-11D0-8D11-00A0C91BC942}") = "ConfirmUser", "ConfirmUser\ConfirmUser.vcproj", "{7B5CB873-A440-4D18-A96C-7EC651AC0FBD}"
EndProject
Project("{8BC9CEB8-8B4A-11D0-8D11-00A0C91BC942}") = "ForceLogin", "ForceLogin\ForceLogin.vcproj", "{3DC999C1-214B-4047-8FDF-9D9D72739175}"
EndProject
Project("{8BC9CEB8-8B4A-11D0-8D11-00A0C91BC942}") = "HelloWorld", "HelloWorld\HelloWorld.vcproj", "{7C39C7BC-DDFF-44AF-93B3-E57EFBE2D2D6}"
EndProject
Project("{8BC9CEB8-8B4A-11D0-8D11-00A0C91BC942}") = "NotModified", "NotModified\NotModified.vcproj", "{25738E8C-00E7-4FDA-9473-829825008D18}"
EndProject
Project("{8BC9CEB8-8B4A-11D0-8D11-00A0C91BC942}") = "SetCookies", "SetCookies\SetCookies.vcproj", "{7386F951-965C-4EDD-8FA7-D67533251A25}"
EndProject
Project("{8BC9CEB8-8B4A-11D0-8D11-00A0C91BC942}") = "ShowAccept", "ShowAccept\ShowAccept.vcproj", "{3801E4B1-A6CA-48B9-824A-61D9FCB7E6F4}"
EndProject
Project("{8BC9CEB8-8B4A-11D0-8D11-00A0C91BC942}") = "ShowBrowser", "ShowBrowser\ShowBrowser.vcproj", "{11A4247F-7159-4ED6-96AE-8E39ACCD9D92}"
EndProject
Project("{8BC9CEB8-8B4A-11D0-8D11-00A0C91BC942}") = "ShowCookies", "ShowCookies\ShowCookies.vcproj", "{B10ACFA1-7F14-46C5-959F-B51C1E2D5358}"
EndProject
Project("{8BC9CEB8-8B4A-11D0-8D11-00A0C91BC942}") = "ShowErrors", "ShowErrors\ShowErrors.vcproj", "{65D8DC47-48FF-43FB-BB3C-8FBA86E1EE26}"
EndProject
Project("{8BC9CEB8-8B4A-11D0-8D11-00A0C91BC942}") = "ShowFiles", "ShowFiles\ShowFiles.vcproj", "{6DDB6C2D-CEF9-4824-BAA6-CF740C12AD22}"
EndProject
Project("{8BC9CEB8-8B4A-11D0-8D11-00A0C91BC942}") = "ShowForm", "ShowForm\ShowForm.vcproj", "{CA421DFD-C51C-427D-A67D-962EB8F145B0}"
EndProject
Project("{8BC9CEB8-8B4A-11D0-8D11-00A0C91BC942}") = "ShowImage", "ShowImage\ShowImage.vcproj", "{8537A3E7-6C9D-4C08-A109-6D5BC2BDE361}"
EndProject
Project("{8BC9CEB8-8B4A-11D0-8D11-00A0C91BC942}") = "ShowLocalized", "ShowLocalized\ShowLocalized.vcproj", "{A0DBF423-4860-40A9-ADAF-6C5013BCA988}"
EndProject
Project("{8BC9CEB8-8B4A-11D0-8D11-00A0C91BC942}") = "ShowQueryString", "ShowQueryString\ShowQueryString.vcproj", "{470D6B83-3329-409A-9F08-52FDBF871D86}"
EndProject
Project("{8BC9CEB8-8B4A-11D0-8D11-00A0C91BC942}") = "ShowRequest", "ShowRequest\ShowRequest.vcproj", "{1581C334-86C2-4B32-AC59-5B08202E2CAA}"
EndProject
Project("{8BC9CEB8-8B4A-11D0-8D11-00A0C91BC942}") = "ShowSession", "ShowSession\ShowSession.vcproj", "{FA6CE303-1EA4-4A39-ADD7-4F3D04A6DFBF}"
EndProject
Project("{8BC9CEB8-8B4A-11D0-8D11-00A0C91BC942}") = "ShowUser", "ShowUser\ShowUser.vcproj", "{0243BB0E-CEE3-483D-B1E2-21F7C0FC9CA5}"
EndProject
Project("{8BC9CEB8-8B4A-11D0-8D11-00A0C91BC942}") = "ShowVariables", "ShowVariables\ShowVariables.vcproj", "{ABC54D53-9021-4282-A50D-A5C498926A0E}"
EndProject
Project("{2150E333-8FDC-42A3-9474-1A3956D46DE8}") = "Solution Items", "Solution Items", "{3948017B-58DB-44E8-94DA-B9A9DE3138A1}"
	ProjectSection(SolutionItems) = postProject
		VCUE\VCUE_Accept.h = VCUE\VCUE_Accept.h
		VCUE\VCUE_API.h = VCUE\VCUE_API.h
		VCUE\VCUE_ATLServerSample.h = VCUE\VCUE_ATLServerSample.h
		VCUE\VCUE_COM.h = VCUE\VCUE_COM.h
		VCUE\VCUE_Conversion.h = VCUE\VCUE_Conversion.h
		VCUE\VCUE_Encode.h = VCUE\VCUE_Encode.h
		VCUE\VCUE_Encrypt.h = VCUE\VCUE_Encrypt.h
		VCUE\VCUE_ErrorProvider.h = VCUE\VCUE_ErrorProvider.h
		VCUE\VCUE_ErrorString.h = VCUE\VCUE_ErrorString.h
		VCUE\VCUE_FileStream.h = VCUE\VCUE_FileStream.h
		VCUE\VCUE_Locale.h = VCUE\VCUE_Locale.h
		VCUE\VCUE_OLEDBClient.h = VCUE\VCUE_OLEDBClient.h
		VCUE\VCUE_Photonicity.h = VCUE\VCUE_Photonicity.h
		VCUE\VCUE_Request.h = VCUE\VCUE_Request.h
		VCUE\VCUE_RequestHandler.h = VCUE\VCUE_RequestHandler.h
		VCUE\VCUE_Response.h = VCUE\VCUE_Response.h
		VCUE\VCUE_ServerContext.h = VCUE\VCUE_ServerContext.h
		VCUE\VCUE_Time.h = VCUE\VCUE_Time.h
	EndProjectSection
EndProject
Global
	GlobalSection(SolutionConfigurationPlatforms) = preSolution
		Debug|Win32 = Debug|Win32
		Debug|x64 = Debug|x64
		Debug|Itanium = Debug|Itanium
		Release|Win32 = Release|Win32
		Release|x64 = Release|x64
		Release|Itanium = Release|Itanium
	EndGlobalSection
	GlobalSection(ProjectConfigurationPlatforms) = postSolution
		{DD9C2C26-EF99-43AC-904F-F5DD338F6714}.Debug|Win32.ActiveCfg = Debug|Win32
		{DD9C2C26-EF99-43AC-904F-F5DD338F6714}.Debug|Win32.Build.0 = Debug|Win32
		{DD9C2C26-EF99-43AC-904F-F5DD338F6714}.Debug|x64.ActiveCfg = Debug|x64
		{DD9C2C26-EF99-43AC-904F-F5DD338F6714}.Debug|x64.Build.0 = Debug|x64
		{DD9C2C26-EF99-43AC-904F-F5DD338F6714}.Debug|Itanium.ActiveCfg = Debug|Itanium
		{DD9C2C26-EF99-43AC-904F-F5DD338F6714}.Debug|Itanium.Build.0 = Debug|Itanium
		{DD9C2C26-EF99-43AC-904F-F5DD338F6714}.Release|Win32.ActiveCfg = Release|Win32
		{DD9C2C26-EF99-43AC-904F-F5DD338F6714}.Release|Win32.Build.0 = Release|Win32
		{DD9C2C26-EF99-43AC-904F-F5DD338F6714}.Release|x64.ActiveCfg = Release|x64
		{DD9C2C26-EF99-43AC-904F-F5DD338F6714}.Release|x64.Build.0 = Release|x64
		{DD9C2C26-EF99-43AC-904F-F5DD338F6714}.Release|Itanium.ActiveCfg = Release|Itanium
		{DD9C2C26-EF99-43AC-904F-F5DD338F6714}.Release|Itanium.Build.0 = Release|Itanium
		{C4A035E8-9513-4A53-B3E5-8577BF039805}.Debug|Win32.ActiveCfg = Debug|Win32
		{C4A035E8-9513-4A53-B3E5-8577BF039805}.Debug|Win32.Build.0 = Debug|Win32
		{C4A035E8-9513-4A53-B3E5-8577BF039805}.Debug|x64.ActiveCfg = Debug|x64
		{C4A035E8-9513-4A53-B3E5-8577BF039805}.Debug|x64.Build.0 = Debug|x64
		{C4A035E8-9513-4A53-B3E5-8577BF039805}.Debug|Itanium.ActiveCfg = Debug|Itanium
		{C4A035E8-9513-4A53-B3E5-8577BF039805}.Debug|Itanium.Build.0 = Debug|Itanium
		{C4A035E8-9513-4A53-B3E5-8577BF039805}.Release|Win32.ActiveCfg = Release|Win32
		{C4A035E8-9513-4A53-B3E5-8577BF039805}.Release|Win32.Build.0 = Release|Win32
		{C4A035E8-9513-4A53-B3E5-8577BF039805}.Release|x64.ActiveCfg = Release|x64
		{C4A035E8-9513-4A53-B3E5-8577BF039805}.Release|x64.Build.0 = Release|x64
		{C4A035E8-9513-4A53-B3E5-8577BF039805}.Release|Itanium.ActiveCfg = Release|Itanium
		{C4A035E8-9513-4A53-B3E5-8577BF039805}.Release|Itanium.Build.0 = Release|Itanium
		{7B5CB873-A440-4D18-A96C-7EC651AC0FBD}.Debug|Win32.ActiveCfg = Debug|Win32
		{7B5CB873-A440-4D18-A96C-7EC651AC0FBD}.Debug|Win32.Build.0 = Debug|Win32
		{7B5CB873-A440-4D18-A96C-7EC651AC0FBD}.Debug|x64.ActiveCfg = Debug|x64
		{7B5CB873-A440-4D18-A96C-7EC651AC0FBD}.Debug|x64.Build.0 = Debug|x64
		{7B5CB873-A440-4D18-A96C-7EC651AC0FBD}.Debug|Itanium.ActiveCfg = Debug|Itanium
		{7B5CB873-A440-4D18-A96C-7EC651AC0FBD}.Debug|Itanium.Build.0 = Debug|Itanium
		{7B5CB873-A440-4D18-A96C-7EC651AC0FBD}.Release|Win32.ActiveCfg = Release|Win32
		{7B5CB873-A440-4D18-A96C-7EC651AC0FBD}.Release|Win32.Build.0 = Release|Win32
		{7B5CB873-A440-4D18-A96C-7EC651AC0FBD}.Release|x64.ActiveCfg = Release|x64
		{7B5CB873-A440-4D18-A96C-7EC651AC0FBD}.Release|x64.Build.0 = Release|x64
		{7B5CB873-A440-4D18-A96C-7EC651AC0FBD}.Release|Itanium.ActiveCfg = Release|Itanium
		{7B5CB873-A440-4D18-A96C-7EC651AC0FBD}.Release|Itanium.Build.0 = Release|Itanium
		{3DC999C1-214B-4047-8FDF-9D9D72739175}.Debug|Win32.ActiveCfg = Debug|Win32
		{3DC999C1-214B-4047-8FDF-9D9D72739175}.Debug|Win32.Build.0 = Debug|Win32
		{3DC999C1-214B-4047-8FDF-9D9D72739175}.Debug|x64.ActiveCfg = Debug|x64
		{3DC999C1-214B-4047-8FDF-9D9D72739175}.Debug|x64.Build.0 = Debug|x64
		{3DC999C1-214B-4047-8FDF-9D9D72739175}.Debug|Itanium.ActiveCfg = Debug|Itanium
		{3DC999C1-214B-4047-8FDF-9D9D72739175}.Debug|Itanium.Build.0 = Debug|Itanium
		{3DC999C1-214B-4047-8FDF-9D9D72739175}.Release|Win32.ActiveCfg = Release|Win32
		{3DC999C1-214B-4047-8FDF-9D9D72739175}.Release|Win32.Build.0 = Release|Win32
		{3DC999C1-214B-4047-8FDF-9D9D72739175}.Release|x64.ActiveCfg = Release|x64
		{3DC999C1-214B-4047-8FDF-9D9D72739175}.Release|x64.Build.0 = Release|x64
		{3DC999C1-214B-4047-8FDF-9D9D72739175}.Release|Itanium.ActiveCfg = Release|Itanium
		{3DC999C1-214B-4047-8FDF-9D9D72739175}.Release|Itanium.Build.0 = Release|Itanium
		{7C39C7BC-DDFF-44AF-93B3-E57EFBE2D2D6}.Debug|Win32.ActiveCfg = Debug|Win32
		{7C39C7BC-DDFF-44AF-93B3-E57EFBE2D2D6}.Debug|Win32.Build.0 = Debug|Win32
		{7C39C7BC-DDFF-44AF-93B3-E57EFBE2D2D6}.Debug|x64.ActiveCfg = Debug|x64
		{7C39C7BC-DDFF-44AF-93B3-E57EFBE2D2D6}.Debug|x64.Build.0 = Debug|x64
		{7C39C7BC-DDFF-44AF-93B3-E57EFBE2D2D6}.Debug|Itanium.ActiveCfg = Debug|Itanium
		{7C39C7BC-DDFF-44AF-93B3-E57EFBE2D2D6}.Debug|Itanium.Build.0 = Debug|Itanium
		{7C39C7BC-DDFF-44AF-93B3-E57EFBE2D2D6}.Release|Win32.ActiveCfg = Release|Win32
		{7C39C7BC-DDFF-44AF-93B3-E57EFBE2D2D6}.Release|Win32.Build.0 = Release|Win32
		{7C39C7BC-DDFF-44AF-93B3-E57EFBE2D2D6}.Release|x64.ActiveCfg = Release|x64
		{7C39C7BC-DDFF-44AF-93B3-E57EFBE2D2D6}.Release|x64.Build.0 = Release|x64
		{7C39C7BC-DDFF-44AF-93B3-E57EFBE2D2D6}.Release|Itanium.ActiveCfg = Release|Itanium
		{7C39C7BC-DDFF-44AF-93B3-E57EFBE2D2D6}.Release|Itanium.Build.0 = Release|Itanium
		{25738E8C-00E7-4FDA-9473-829825008D18}.Debug|Win32.ActiveCfg = Debug|Win32
		{25738E8C-00E7-4FDA-9473-829825008D18}.Debug|Win32.Build.0 = Debug|Win32
		{25738E8C-00E7-4FDA-9473-829825008D18}.Debug|x64.ActiveCfg = Debug|x64
		{25738E8C-00E7-4FDA-9473-829825008D18}.Debug|x64.Build.0 = Debug|x64
		{25738E8C-00E7-4FDA-9473-829825008D18}.Debug|Itanium.ActiveCfg = Debug|Itanium
		{25738E8C-00E7-4FDA-9473-829825008D18}.Debug|Itanium.Build.0 = Debug|Itanium
		{25738E8C-00E7-4FDA-9473-829825008D18}.Release|Win32.ActiveCfg = Release|Win32
		{25738E8C-00E7-4FDA-9473-829825008D18}.Release|Win32.Build.0 = Release|Win32
		{25738E8C-00E7-4FDA-9473-829825008D18}.Release|x64.ActiveCfg = Release|x64
		{25738E8C-00E7-4FDA-9473-829825008D18}.Release|x64.Build.0 = Release|x64
		{25738E8C-00E7-4FDA-9473-829825008D18}.Release|Itanium.ActiveCfg = Release|Itanium
		{25738E8C-00E7-4FDA-9473-829825008D18}.Release|Itanium.Build.0 = Release|Itanium
		{7386F951-965C-4EDD-8FA7-D67533251A25}.Debug|Win32.ActiveCfg = Debug|Win32
		{7386F951-965C-4EDD-8FA7-D67533251A25}.Debug|Win32.Build.0 = Debug|Win32
		{7386F951-965C-4EDD-8FA7-D67533251A25}.Debug|x64.ActiveCfg = Debug|x64
		{7386F951-965C-4EDD-8FA7-D67533251A25}.Debug|x64.Build.0 = Debug|x64
		{7386F951-965C-4EDD-8FA7-D67533251A25}.Debug|Itanium.ActiveCfg = Debug|Itanium
		{7386F951-965C-4EDD-8FA7-D67533251A25}.Debug|Itanium.Build.0 = Debug|Itanium
		{7386F951-965C-4EDD-8FA7-D67533251A25}.Release|Win32.ActiveCfg = Release|Win32
		{7386F951-965C-4EDD-8FA7-D67533251A25}.Release|Win32.Build.0 = Release|Win32
		{7386F951-965C-4EDD-8FA7-D67533251A25}.Release|x64.ActiveCfg = Release|x64
		{7386F951-965C-4EDD-8FA7-D67533251A25}.Release|x64.Build.0 = Release|x64
		{7386F951-965C-4EDD-8FA7-D67533251A25}.Release|Itanium.ActiveCfg = Release|Itanium
		{7386F951-965C-4EDD-8FA7-D67533251A25}.Release|Itanium.Build.0 = Release|Itanium
		{3801E4B1-A6CA-48B9-824A-61D9FCB7E6F4}.Debug|Win32.ActiveCfg = Debug|Win32
		{3801E4B1-A6CA-48B9-824A-61D9FCB7E6F4}.Debug|Win32.Build.0 = Debug|Win32
		{3801E4B1-A6CA-48B9-824A-61D9FCB7E6F4}.Debug|x64.ActiveCfg = Debug|x64
		{3801E4B1-A6CA-48B9-824A-61D9FCB7E6F4}.Debug|x64.Build.0 = Debug|x64
		{3801E4B1-A6CA-48B9-824A-61D9FCB7E6F4}.Debug|Itanium.ActiveCfg = Debug|Itanium
		{3801E4B1-A6CA-48B9-824A-61D9FCB7E6F4}.Debug|Itanium.Build.0 = Debug|Itanium
		{3801E4B1-A6CA-48B9-824A-61D9FCB7E6F4}.Release|Win32.ActiveCfg = Release|Win32
		{3801E4B1-A6CA-48B9-824A-61D9FCB7E6F4}.Release|Win32.Build.0 = Release|Win32
		{3801E4B1-A6CA-48B9-824A-61D9FCB7E6F4}.Release|x64.ActiveCfg = Release|x64
		{3801E4B1-A6CA-48B9-824A-61D9FCB7E6F4}.Release|x64.Build.0 = Release|x64
		{3801E4B1-A6CA-48B9-824A-61D9FCB7E6F4}.Release|Itanium.ActiveCfg = Release|Itanium
		{3801E4B1-A6CA-48B9-824A-61D9FCB7E6F4}.Release|Itanium.Build.0 = Release|Itanium
		{11A4247F-7159-4ED6-96AE-8E39ACCD9D92}.Debug|Win32.ActiveCfg = Debug|Win32
		{11A4247F-7159-4ED6-96AE-8E39ACCD9D92}.Debug|Win32.Build.0 = Debug|Win32
		{11A4247F-7159-4ED6-96AE-8E39ACCD9D92}.Debug|x64.ActiveCfg = Debug|x64
		{11A4247F-7159-4ED6-96AE-8E39ACCD9D92}.Debug|x64.Build.0 = Debug|x64
		{11A4247F-7159-4ED6-96AE-8E39ACCD9D92}.Debug|Itanium.ActiveCfg = Debug|Itanium
		{11A4247F-7159-4ED6-96AE-8E39ACCD9D92}.Debug|Itanium.Build.0 = Debug|Itanium
		{11A4247F-7159-4ED6-96AE-8E39ACCD9D92}.Release|Win32.ActiveCfg = Release|Win32
		{11A4247F-7159-4ED6-96AE-8E39ACCD9D92}.Release|Win32.Build.0 = Release|Win32
		{11A4247F-7159-4ED6-96AE-8E39ACCD9D92}.Release|x64.ActiveCfg = Release|x64
		{11A4247F-7159-4ED6-96AE-8E39ACCD9D92}.Release|x64.Build.0 = Release|x64
		{11A4247F-7159-4ED6-96AE-8E39ACCD9D92}.Release|Itanium.ActiveCfg = Release|Itanium
		{11A4247F-7159-4ED6-96AE-8E39ACCD9D92}.Release|Itanium.Build.0 = Release|Itanium
		{B10ACFA1-7F14-46C5-959F-B51C1E2D5358}.Debug|Win32.ActiveCfg = Debug|Win32
		{B10ACFA1-7F14-46C5-959F-B51C1E2D5358}.Debug|Win32.Build.0 = Debug|Win32
		{B10ACFA1-7F14-46C5-959F-B51C1E2D5358}.Debug|x64.ActiveCfg = Debug|x64
		{B10ACFA1-7F14-46C5-959F-B51C1E2D5358}.Debug|x64.Build.0 = Debug|x64
		{B10ACFA1-7F14-46C5-959F-B51C1E2D5358}.Debug|Itanium.ActiveCfg = Debug|Itanium
		{B10ACFA1-7F14-46C5-959F-B51C1E2D5358}.Debug|Itanium.Build.0 = Debug|Itanium
		{B10ACFA1-7F14-46C5-959F-B51C1E2D5358}.Release|Win32.ActiveCfg = Release|Win32
		{B10ACFA1-7F14-46C5-959F-B51C1E2D5358}.Release|Win32.Build.0 = Release|Win32
		{B10ACFA1-7F14-46C5-959F-B51C1E2D5358}.Release|x64.ActiveCfg = Release|x64
		{B10ACFA1-7F14-46C5-959F-B51C1E2D5358}.Release|x64.Build.0 = Release|x64
		{B10ACFA1-7F14-46C5-959F-B51C1E2D5358}.Release|Itanium.ActiveCfg = Release|Itanium
		{B10ACFA1-7F14-46C5-959F-B51C1E2D5358}.Release|Itanium.Build.0 = Release|Itanium
		{65D8DC47-48FF-43FB-BB3C-8FBA86E1EE26}.Debug|Win32.ActiveCfg = Debug|Win32
		{65D8DC47-48FF-43FB-BB3C-8FBA86E1EE26}.Debug|Win32.Build.0 = Debug|Win32
		{65D8DC47-48FF-43FB-BB3C-8FBA86E1EE26}.Debug|x64.ActiveCfg = Debug|x64
		{65D8DC47-48FF-43FB-BB3C-8FBA86E1EE26}.Debug|x64.Build.0 = Debug|x64
		{65D8DC47-48FF-43FB-BB3C-8FBA86E1EE26}.Debug|Itanium.ActiveCfg = Debug|Itanium
		{65D8DC47-48FF-43FB-BB3C-8FBA86E1EE26}.Debug|Itanium.Build.0 = Debug|Itanium
		{65D8DC47-48FF-43FB-BB3C-8FBA86E1EE26}.Release|Win32.ActiveCfg = Release|Win32
		{65D8DC47-48FF-43FB-BB3C-8FBA86E1EE26}.Release|Win32.Build.0 = Release|Win32
		{65D8DC47-48FF-43FB-BB3C-8FBA86E1EE26}.Release|x64.ActiveCfg = Release|x64
		{65D8DC47-48FF-43FB-BB3C-8FBA86E1EE26}.Release|x64.Build.0 = Release|x64
		{65D8DC47-48FF-43FB-BB3C-8FBA86E1EE26}.Release|Itanium.ActiveCfg = Release|Itanium
		{65D8DC47-48FF-43FB-BB3C-8FBA86E1EE26}.Release|Itanium.Build.0 = Release|Itanium
		{6DDB6C2D-CEF9-4824-BAA6-CF740C12AD22}.Debug|Win32.ActiveCfg = Debug|Win32
		{6DDB6C2D-CEF9-4824-BAA6-CF740C12AD22}.Debug|Win32.Build.0 = Debug|Win32
		{6DDB6C2D-CEF9-4824-BAA6-CF740C12AD22}.Debug|x64.ActiveCfg = Debug|x64
		{6DDB6C2D-CEF9-4824-BAA6-CF740C12AD22}.Debug|x64.Build.0 = Debug|x64
		{6DDB6C2D-CEF9-4824-BAA6-CF740C12AD22}.Debug|Itanium.ActiveCfg = Debug|Itanium
		{6DDB6C2D-CEF9-4824-BAA6-CF740C12AD22}.Debug|Itanium.Build.0 = Debug|Itanium
		{6DDB6C2D-CEF9-4824-BAA6-CF740C12AD22}.Release|Win32.ActiveCfg = Release|Win32
		{6DDB6C2D-CEF9-4824-BAA6-CF740C12AD22}.Release|Win32.Build.0 = Release|Win32
		{6DDB6C2D-CEF9-4824-BAA6-CF740C12AD22}.Release|x64.ActiveCfg = Release|x64
		{6DDB6C2D-CEF9-4824-BAA6-CF740C12AD22}.Release|x64.Build.0 = Release|x64
		{6DDB6C2D-CEF9-4824-BAA6-CF740C12AD22}.Release|Itanium.ActiveCfg = Release|Itanium
		{6DDB6C2D-CEF9-4824-BAA6-CF740C12AD22}.Release|Itanium.Build.0 = Release|Itanium
		{CA421DFD-C51C-427D-A67D-962EB8F145B0}.Debug|Win32.ActiveCfg = Debug|Win32
		{CA421DFD-C51C-427D-A67D-962EB8F145B0}.Debug|Win32.Build.0 = Debug|Win32
		{CA421DFD-C51C-427D-A67D-962EB8F145B0}.Debug|x64.ActiveCfg = Debug|x64
		{CA421DFD-C51C-427D-A67D-962EB8F145B0}.Debug|x64.Build.0 = Debug|x64
		{CA421DFD-C51C-427D-A67D-962EB8F145B0}.Debug|Itanium.ActiveCfg = Debug|Itanium
		{CA421DFD-C51C-427D-A67D-962EB8F145B0}.Debug|Itanium.Build.0 = Debug|Itanium
		{CA421DFD-C51C-427D-A67D-962EB8F145B0}.Release|Win32.ActiveCfg = Release|Win32
		{CA421DFD-C51C-427D-A67D-962EB8F145B0}.Release|Win32.Build.0 = Release|Win32
		{CA421DFD-C51C-427D-A67D-962EB8F145B0}.Release|x64.ActiveCfg = Release|x64
		{CA421DFD-C51C-427D-A67D-962EB8F145B0}.Release|x64.Build.0 = Release|x64
		{CA421DFD-C51C-427D-A67D-962EB8F145B0}.Release|Itanium.ActiveCfg = Release|Itanium
		{CA421DFD-C51C-427D-A67D-962EB8F145B0}.Release|Itanium.Build.0 = Release|Itanium
		{8537A3E7-6C9D-4C08-A109-6D5BC2BDE361}.Debug|Win32.ActiveCfg = Debug|Win32
		{8537A3E7-6C9D-4C08-A109-6D5BC2BDE361}.Debug|Win32.Build.0 = Debug|Win32
		{8537A3E7-6C9D-4C08-A109-6D5BC2BDE361}.Debug|x64.ActiveCfg = Debug|x64
		{8537A3E7-6C9D-4C08-A109-6D5BC2BDE361}.Debug|x64.Build.0 = Debug|x64
		{8537A3E7-6C9D-4C08-A109-6D5BC2BDE361}.Debug|Itanium.ActiveCfg = Debug|Itanium
		{8537A3E7-6C9D-4C08-A109-6D5BC2BDE361}.Debug|Itanium.Build.0 = Debug|Itanium
		{8537A3E7-6C9D-4C08-A109-6D5BC2BDE361}.Release|Win32.ActiveCfg = Release|Win32
		{8537A3E7-6C9D-4C08-A109-6D5BC2BDE361}.Release|Win32.Build.0 = Release|Win32
		{8537A3E7-6C9D-4C08-A109-6D5BC2BDE361}.Release|x64.ActiveCfg = Release|x64
		{8537A3E7-6C9D-4C08-A109-6D5BC2BDE361}.Release|x64.Build.0 = Release|x64
		{8537A3E7-6C9D-4C08-A109-6D5BC2BDE361}.Release|Itanium.ActiveCfg = Release|Itanium
		{8537A3E7-6C9D-4C08-A109-6D5BC2BDE361}.Release|Itanium.Build.0 = Release|Itanium
		{A0DBF423-4860-40A9-ADAF-6C5013BCA988}.Debug|Win32.ActiveCfg = Debug|Win32
		{A0DBF423-4860-40A9-ADAF-6C5013BCA988}.Debug|Win32.Build.0 = Debug|Win32
		{A0DBF423-4860-40A9-ADAF-6C5013BCA988}.Debug|x64.ActiveCfg = Debug|x64
		{A0DBF423-4860-40A9-ADAF-6C5013BCA988}.Debug|x64.Build.0 = Debug|x64
		{A0DBF423-4860-40A9-ADAF-6C5013BCA988}.Debug|Itanium.ActiveCfg = Debug|Itanium
		{A0DBF423-4860-40A9-ADAF-6C5013BCA988}.Debug|Itanium.Build.0 = Debug|Itanium
		{A0DBF423-4860-40A9-ADAF-6C5013BCA988}.Release|Win32.ActiveCfg = Release|Win32
		{A0DBF423-4860-40A9-ADAF-6C5013BCA988}.Release|Win32.Build.0 = Release|Win32
		{A0DBF423-4860-40A9-ADAF-6C5013BCA988}.Release|x64.ActiveCfg = Release|x64
		{A0DBF423-4860-40A9-ADAF-6C5013BCA988}.Release|x64.Build.0 = Release|x64
		{A0DBF423-4860-40A9-ADAF-6C5013BCA988}.Release|Itanium.ActiveCfg = Release|Itanium
		{A0DBF423-4860-40A9-ADAF-6C5013BCA988}.Release|Itanium.Build.0 = Release|Itanium
		{470D6B83-3329-409A-9F08-52FDBF871D86}.Debug|Win32.ActiveCfg = Debug|Win32
		{470D6B83-3329-409A-9F08-52FDBF871D86}.Debug|Win32.Build.0 = Debug|Win32
		{470D6B83-3329-409A-9F08-52FDBF871D86}.Debug|x64.ActiveCfg = Debug|x64
		{470D6B83-3329-409A-9F08-52FDBF871D86}.Debug|x64.Build.0 = Debug|x64
		{470D6B83-3329-409A-9F08-52FDBF871D86}.Debug|Itanium.ActiveCfg = Debug|Itanium
		{470D6B83-3329-409A-9F08-52FDBF871D86}.Debug|Itanium.Build.0 = Debug|Itanium
		{470D6B83-3329-409A-9F08-52FDBF871D86}.Release|Win32.ActiveCfg = Release|Win32
		{470D6B83-3329-409A-9F08-52FDBF871D86}.Release|Win32.Build.0 = Release|Win32
		{470D6B83-3329-409A-9F08-52FDBF871D86}.Release|x64.ActiveCfg = Release|x64
		{470D6B83-3329-409A-9F08-52FDBF871D86}.Release|x64.Build.0 = Release|x64
		{470D6B83-3329-409A-9F08-52FDBF871D86}.Release|Itanium.ActiveCfg = Release|Itanium
		{470D6B83-3329-409A-9F08-52FDBF871D86}.Release|Itanium.Build.0 = Release|Itanium
		{1581C334-86C2-4B32-AC59-5B08202E2CAA}.Debug|Win32.ActiveCfg = Debug|Win32
		{1581C334-86C2-4B32-AC59-5B08202E2CAA}.Debug|Win32.Build.0 = Debug|Win32
		{1581C334-86C2-4B32-AC59-5B08202E2CAA}.Debug|x64.ActiveCfg = Debug|x64
		{1581C334-86C2-4B32-AC59-5B08202E2CAA}.Debug|x64.Build.0 = Debug|x64
		{1581C334-86C2-4B32-AC59-5B08202E2CAA}.Debug|Itanium.ActiveCfg = Debug|Itanium
		{1581C334-86C2-4B32-AC59-5B08202E2CAA}.Debug|Itanium.Build.0 = Debug|Itanium
		{1581C334-86C2-4B32-AC59-5B08202E2CAA}.Release|Win32.ActiveCfg = Release|Win32
		{1581C334-86C2-4B32-AC59-5B08202E2CAA}.Release|Win32.Build.0 = Release|Win32
		{1581C334-86C2-4B32-AC59-5B08202E2CAA}.Release|x64.ActiveCfg = Release|x64
		{1581C334-86C2-4B32-AC59-5B08202E2CAA}.Release|x64.Build.0 = Release|x64
		{1581C334-86C2-4B32-AC59-5B08202E2CAA}.Release|Itanium.ActiveCfg = Release|Itanium
		{1581C334-86C2-4B32-AC59-5B08202E2CAA}.Release|Itanium.Build.0 = Release|Itanium
		{FA6CE303-1EA4-4A39-ADD7-4F3D04A6DFBF}.Debug|Win32.ActiveCfg = Debug|Win32
		{FA6CE303-1EA4-4A39-ADD7-4F3D04A6DFBF}.Debug|Win32.Build.0 = Debug|Win32
		{FA6CE303-1EA4-4A39-ADD7-4F3D04A6DFBF}.Debug|x64.ActiveCfg = Debug|x64
		{FA6CE303-1EA4-4A39-ADD7-4F3D04A6DFBF}.Debug|x64.Build.0 = Debug|x64
		{FA6CE303-1EA4-4A39-ADD7-4F3D04A6DFBF}.Debug|Itanium.ActiveCfg = Debug|Itanium
		{FA6CE303-1EA4-4A39-ADD7-4F3D04A6DFBF}.Debug|Itanium.Build.0 = Debug|Itanium
		{FA6CE303-1EA4-4A39-ADD7-4F3D04A6DFBF}.Release|Win32.ActiveCfg = Release|Win32
		{FA6CE303-1EA4-4A39-ADD7-4F3D04A6DFBF}.Release|Win32.Build.0 = Release|Win32
		{FA6CE303-1EA4-4A39-ADD7-4F3D04A6DFBF}.Release|x64.ActiveCfg = Release|x64
		{FA6CE303-1EA4-4A39-ADD7-4F3D04A6DFBF}.Release|x64.Build.0 = Release|x64
		{FA6CE303-1EA4-4A39-ADD7-4F3D04A6DFBF}.Release|Itanium.ActiveCfg = Release|Itanium
		{FA6CE303-1EA4-4A39-ADD7-4F3D04A6DFBF}.Release|Itanium.Build.0 = Release|Itanium
		{0243BB0E-CEE3-483D-B1E2-21F7C0FC9CA5}.Debug|Win32.ActiveCfg = Debug|Win32
		{0243BB0E-CEE3-483D-B1E2-21F7C0FC9CA5}.Debug|Win32.Build.0 = Debug|Win32
		{0243BB0E-CEE3-483D-B1E2-21F7C0FC9CA5}.Debug|x64.ActiveCfg = Debug|x64
		{0243BB0E-CEE3-483D-B1E2-21F7C0FC9CA5}.Debug|x64.Build.0 = Debug|x64
		{0243BB0E-CEE3-483D-B1E2-21F7C0FC9CA5}.Debug|Itanium.ActiveCfg = Debug|Itanium
		{0243BB0E-CEE3-483D-B1E2-21F7C0FC9CA5}.Debug|Itanium.Build.0 = Debug|Itanium
		{0243BB0E-CEE3-483D-B1E2-21F7C0FC9CA5}.Release|Win32.ActiveCfg = Release|Win32
		{0243BB0E-CEE3-483D-B1E2-21F7C0FC9CA5}.Release|Win32.Build.0 = Release|Win32
		{0243BB0E-CEE3-483D-B1E2-21F7C0FC9CA5}.Release|x64.ActiveCfg = Release|x64
		{0243BB0E-CEE3-483D-B1E2-21F7C0FC9CA5}.Release|x64.Build.0 = Release|x64
		{0243BB0E-CEE3-483D-B1E2-21F7C0FC9CA5}.Release|Itanium.ActiveCfg = Release|Itanium
		{0243BB0E-CEE3-483D-B1E2-21F7C0FC9CA5}.Release|Itanium.Build.0 = Release|Itanium
		{ABC54D53-9021-4282-A50D-A5C498926A0E}.Debug|Win32.ActiveCfg = Debug|Win32
		{ABC54D53-9021-4282-A50D-A5C498926A0E}.Debug|Win32.Build.0 = Debug|Win32
		{ABC54D53-9021-4282-A50D-A5C498926A0E}.Debug|x64.ActiveCfg = Debug|x64
		{ABC54D53-9021-4282-A50D-A5C498926A0E}.Debug|x64.Build.0 = Debug|x64
		{ABC54D53-9021-4282-A50D-A5C498926A0E}.Debug|Itanium.ActiveCfg = Debug|Itanium
		{ABC54D53-9021-4282-A50D-A5C498926A0E}.Debug|Itanium.Build.0 = Debug|Itanium
		{ABC54D53-9021-4282-A50D-A5C498926A0E}.Release|Win32.ActiveCfg = Release|Win32
		{ABC54D53-9021-4282-A50D-A5C498926A0E}.Release|Win32.Build.0 = Release|Win32
		{ABC54D53-9021-4282-A50D-A5C498926A0E}.Release|x64.ActiveCfg = Release|x64
		{ABC54D53-9021-4282-A50D-A5C498926A0E}.Release|x64.Build.0 = Release|x64
		{ABC54D53-9021-4282-A50D-A5C498926A0E}.Release|Itanium.ActiveCfg = Release|Itanium
		{ABC54D53-9021-4282-A50D-A5C498926A0E}.Release|Itanium.Build.0 = Release|Itanium
	EndGlobalSection
	GlobalSection(SolutionProperties) = preSolution
		HideSolutionNode = FALSE
	EndGlobalSection
EndGlobal
