Microsoft Visual Studio Solution File, Format Version 9.00
# Visual Studio 2005
Project("{8BC9CEB8-8B4A-11D0-8D11-00A0C91BC942}") = "input", "input\input.vcproj", "{9924CD51-E7FA-4A2C-BFEC-81D40DB3A2B7}"
EndProject
Project("{8BC9CEB8-8B4A-11D0-8D11-00A0C91BC942}") = "inputIsapi", "inputIsapi\inputIsapi.vcproj", "{BECC078C-83B4-4E1F-8AEB-005EA3C3FF9E}"
EndProject
Global
	GlobalSection(SolutionConfigurationPlatforms) = preSolution
		Debug|Win32 = Debug|Win32
		Debug|x64 = Debug|x64
		Debug|Itanium = Debug|Itanium
		Release|Win32 = Release|Win32
		Release|x64 = Release|x64
		Release|Itanium = Release|Itanium
	EndGlobalSection
	GlobalSection(ProjectConfigurationPlatforms) = postSolution
		{9924CD51-E7FA-4A2C-BFEC-81D40DB3A2B7}.Debug|Win32.ActiveCfg = Debug|Win32
		{9924CD51-E7FA-4A2C-BFEC-81D40DB3A2B7}.Debug|Win32.Build.0 = Debug|Win32
		{9924CD51-E7FA-4A2C-BFEC-81D40DB3A2B7}.Debug|x64.ActiveCfg = Debug|x64
		{9924CD51-E7FA-4A2C-BFEC-81D40DB3A2B7}.Debug|x64.Build.0 = Debug|x64
		{9924CD51-E7FA-4A2C-BFEC-81D40DB3A2B7}.Debug|Itanium.ActiveCfg = Debug|Itanium
		{9924CD51-E7FA-4A2C-BFEC-81D40DB3A2B7}.Debug|Itanium.Build.0 = Debug|Itanium
		{9924CD51-E7FA-4A2C-BFEC-81D40DB3A2B7}.Release|Win32.ActiveCfg = Release|Win32
		{9924CD51-E7FA-4A2C-BFEC-81D40DB3A2B7}.Release|Win32.Build.0 = Release|Win32
		{9924CD51-E7FA-4A2C-BFEC-81D40DB3A2B7}.Release|x64.ActiveCfg = Release|x64
		{9924CD51-E7FA-4A2C-BFEC-81D40DB3A2B7}.Release|x64.Build.0 = Release|x64
		{9924CD51-E7FA-4A2C-BFEC-81D40DB3A2B7}.Release|Itanium.ActiveCfg = Release|Itanium
		{9924CD51-E7FA-4A2C-BFEC-81D40DB3A2B7}.Release|Itanium.Build.0 = Release|Itanium
		{BECC078C-83B4-4E1F-8AEB-005EA3C3FF9E}.Debug|Win32.ActiveCfg = Debug|Win32
		{BECC078C-83B4-4E1F-8AEB-005EA3C3FF9E}.Debug|Win32.Build.0 = Debug|Win32
		{BECC078C-83B4-4E1F-8AEB-005EA3C3FF9E}.Debug|x64.ActiveCfg = Debug|x64
		{BECC078C-83B4-4E1F-8AEB-005EA3C3FF9E}.Debug|x64.Build.0 = Debug|x64
		{BECC078C-83B4-4E1F-8AEB-005EA3C3FF9E}.Debug|Itanium.ActiveCfg = Debug|Itanium
		{BECC078C-83B4-4E1F-8AEB-005EA3C3FF9E}.Debug|Itanium.Build.0 = Debug|Itanium
		{BECC078C-83B4-4E1F-8AEB-005EA3C3FF9E}.Release|Win32.ActiveCfg = Release|Win32
		{BECC078C-83B4-4E1F-8AEB-005EA3C3FF9E}.Release|Win32.Build.0 = Release|Win32
		{BECC078C-83B4-4E1F-8AEB-005EA3C3FF9E}.Release|x64.ActiveCfg = Release|x64
		{BECC078C-83B4-4E1F-8AEB-005EA3C3FF9E}.Release|x64.Build.0 = Release|x64
		{BECC078C-83B4-4E1F-8AEB-005EA3C3FF9E}.Release|Itanium.ActiveCfg = Release|Itanium
		{BECC078C-83B4-4E1F-8AEB-005EA3C3FF9E}.Release|Itanium.Build.0 = Release|Itanium
	EndGlobalSection
	GlobalSection(SolutionProperties) = preSolution
		HideSolutionNode = FALSE
	EndGlobalSection
EndGlobal
