Microsoft Visual Studio Solution File, Format Version 9.00
# Visual Studio 2005
Project("{8BC9CEB8-8B4A-11D0-8D11-00A0C91BC942}") = "XList", "xlist.vcproj", "{E129AA71-FC1C-4EE6-B232-E3C2A1F7C4F7}"
EndProject
Global
	GlobalSection(SolutionConfigurationPlatforms) = preSolution
		Debug|Win32 = Debug|Win32
		Debug|x64 = Debug|x64
		Debug|Itanium = Debug|Itanium
		Release|Win32 = Release|Win32
		Release|x64 = Release|x64
		Release|Itanium = Release|Itanium
	EndGlobalSection
	GlobalSection(ProjectConfigurationPlatforms) = postSolution
		{E129AA71-FC1C-4EE6-B232-E3C2A1F7C4F7}.Debug|Win32.ActiveCfg = Debug|Win32
		{E129AA71-FC1C-4EE6-B232-E3C2A1F7C4F7}.Debug|Win32.Build.0 = Debug|Win32
		{E129AA71-FC1C-4EE6-B232-E3C2A1F7C4F7}.Debug|x64.ActiveCfg = Debug|x64
		{E129AA71-FC1C-4EE6-B232-E3C2A1F7C4F7}.Debug|x64.Build.0 = Debug|x64
		{E129AA71-FC1C-4EE6-B232-E3C2A1F7C4F7}.Debug|Itanium.ActiveCfg = Debug|Itanium
		{E129AA71-FC1C-4EE6-B232-E3C2A1F7C4F7}.Debug|Itanium.Build.0 = Debug|Itanium
		{E129AA71-FC1C-4EE6-B232-E3C2A1F7C4F7}.Release|Win32.ActiveCfg = Release|Win32
		{E129AA71-FC1C-4EE6-B232-E3C2A1F7C4F7}.Release|Win32.Build.0 = Release|Win32
		{E129AA71-FC1C-4EE6-B232-E3C2A1F7C4F7}.Release|x64.ActiveCfg = Release|x64
		{E129AA71-FC1C-4EE6-B232-E3C2A1F7C4F7}.Release|x64.Build.0 = Release|x64
		{E129AA71-FC1C-4EE6-B232-E3C2A1F7C4F7}.Release|Itanium.ActiveCfg = Release|Itanium
		{E129AA71-FC1C-4EE6-B232-E3C2A1F7C4F7}.Release|Itanium.Build.0 = Release|Itanium
	EndGlobalSection
	GlobalSection(SolutionProperties) = preSolution
		HideSolutionNode = FALSE
	EndGlobalSection
EndGlobal
