Microsoft Visual Studio Solution File, Format Version 9.00
# Visual Studio 2005
Project("{8BC9CEB8-8B4A-11D0-8D11-00A0C91BC942}") = "Snap", "snapvw.vcproj", "{2466CAF4-7092-431D-AE51-154C61E7A03D}"
EndProject
Global
	GlobalSection(SolutionConfigurationPlatforms) = preSolution
		Debug|Win32 = Debug|Win32
		Debug|x64 = Debug|x64
		Debug|Itanium = Debug|Itanium
		Release|Win32 = Release|Win32
		Release|x64 = Release|x64
		Release|Itanium = Release|Itanium
	EndGlobalSection
	GlobalSection(ProjectConfigurationPlatforms) = postSolution
		{2466CAF4-7092-431D-AE51-154C61E7A03D}.Debug|Win32.ActiveCfg = Debug|Win32
		{2466CAF4-7092-431D-AE51-154C61E7A03D}.Debug|Win32.Build.0 = Debug|Win32
		{2466CAF4-7092-431D-AE51-154C61E7A03D}.Debug|x64.ActiveCfg = Debug|x64
		{2466CAF4-7092-431D-AE51-154C61E7A03D}.Debug|x64.Build.0 = Debug|x64
		{2466CAF4-7092-431D-AE51-154C61E7A03D}.Debug|Itanium.ActiveCfg = Debug|Itanium
		{2466CAF4-7092-431D-AE51-154C61E7A03D}.Debug|Itanium.Build.0 = Debug|Itanium
		{2466CAF4-7092-431D-AE51-154C61E7A03D}.Release|Win32.ActiveCfg = Release|Win32
		{2466CAF4-7092-431D-AE51-154C61E7A03D}.Release|Win32.Build.0 = Release|Win32
		{2466CAF4-7092-431D-AE51-154C61E7A03D}.Release|x64.ActiveCfg = Release|x64
		{2466CAF4-7092-431D-AE51-154C61E7A03D}.Release|x64.Build.0 = Release|x64
		{2466CAF4-7092-431D-AE51-154C61E7A03D}.Release|Itanium.ActiveCfg = Release|Itanium
		{2466CAF4-7092-431D-AE51-154C61E7A03D}.Release|Itanium.Build.0 = Release|Itanium
	EndGlobalSection
	GlobalSection(SolutionProperties) = preSolution
		HideSolutionNode = FALSE
	EndGlobalSection
EndGlobal
