Microsoft Visual Studio Solution File, Format Version 9.00
# Visual Studio 2005
Project("{8BC9CEB8-8B4A-11D0-8D11-00A0C91BC942}") = "Bids", "Bids\Bids.vcproj", "{1A384060-C15B-40D0-9234-887186245E08}"
EndProject
Project("{8BC9CEB8-8B4A-11D0-8D11-00A0C91BC942}") = "BidsIsapi", "BidsIsapi\BidsIsapi.vcproj", "{FB7A2A04-CBFF-44B6-829B-63A3580F942E}"
EndProject
Global
	GlobalSection(SolutionConfigurationPlatforms) = preSolution
		Debug|Win32 = Debug|Win32
		Debug|x64 = Debug|x64
		Debug|Itanium = Debug|Itanium
		Release|Win32 = Release|Win32
		Release|x64 = Release|x64
		Release|Itanium = Release|Itanium
	EndGlobalSection
	GlobalSection(ProjectConfigurationPlatforms) = postSolution
		{1A384060-C15B-40D0-9234-887186245E08}.Debug|Win32.ActiveCfg = Debug|Win32
		{1A384060-C15B-40D0-9234-887186245E08}.Debug|Win32.Build.0 = Debug|Win32
		{1A384060-C15B-40D0-9234-887186245E08}.Debug|x64.ActiveCfg = Debug|x64
		{1A384060-C15B-40D0-9234-887186245E08}.Debug|x64.Build.0 = Debug|x64
		{1A384060-C15B-40D0-9234-887186245E08}.Debug|Itanium.ActiveCfg = Debug|Itanium
		{1A384060-C15B-40D0-9234-887186245E08}.Debug|Itanium.Build.0 = Debug|Itanium
		{1A384060-C15B-40D0-9234-887186245E08}.Release|Win32.ActiveCfg = Release|Win32
		{1A384060-C15B-40D0-9234-887186245E08}.Release|Win32.Build.0 = Release|Win32
		{1A384060-C15B-40D0-9234-887186245E08}.Release|x64.ActiveCfg = Release|x64
		{1A384060-C15B-40D0-9234-887186245E08}.Release|x64.Build.0 = Release|x64
		{1A384060-C15B-40D0-9234-887186245E08}.Release|Itanium.ActiveCfg = Release|Itanium
		{1A384060-C15B-40D0-9234-887186245E08}.Release|Itanium.Build.0 = Release|Itanium
		{FB7A2A04-CBFF-44B6-829B-63A3580F942E}.Debug|Win32.ActiveCfg = Debug|Win32
		{FB7A2A04-CBFF-44B6-829B-63A3580F942E}.Debug|Win32.Build.0 = Debug|Win32
		{FB7A2A04-CBFF-44B6-829B-63A3580F942E}.Debug|x64.ActiveCfg = Debug|x64
		{FB7A2A04-CBFF-44B6-829B-63A3580F942E}.Debug|x64.Build.0 = Debug|x64
		{FB7A2A04-CBFF-44B6-829B-63A3580F942E}.Debug|Itanium.ActiveCfg = Debug|Itanium
		{FB7A2A04-CBFF-44B6-829B-63A3580F942E}.Debug|Itanium.Build.0 = Debug|Itanium
		{FB7A2A04-CBFF-44B6-829B-63A3580F942E}.Release|Win32.ActiveCfg = Release|Win32
		{FB7A2A04-CBFF-44B6-829B-63A3580F942E}.Release|Win32.Build.0 = Release|Win32
		{FB7A2A04-CBFF-44B6-829B-63A3580F942E}.Release|x64.ActiveCfg = Release|x64
		{FB7A2A04-CBFF-44B6-829B-63A3580F942E}.Release|x64.Build.0 = Release|x64
		{FB7A2A04-CBFF-44B6-829B-63A3580F942E}.Release|Itanium.ActiveCfg = Release|Itanium
		{FB7A2A04-CBFF-44B6-829B-63A3580F942E}.Release|Itanium.Build.0 = Release|Itanium
	EndGlobalSection
	GlobalSection(SolutionProperties) = preSolution
		HideSolutionNode = FALSE
	EndGlobalSection
EndGlobal
