Microsoft Visual Studio Solution File, Format Version 9.00
# Visual Studio 2005
Project("{8BC9CEB8-8B4A-11D0-8D11-00A0C91BC942}") = "PropDlg", "propdlg.vcproj", "{80647478-B9DB-4F60-AD0A-046FA8B32CB8}"
EndProject
Global
	GlobalSection(SolutionConfigurationPlatforms) = preSolution
		Debug|Win32 = Debug|Win32
		Debug|x64 = Debug|x64
		Debug|Itanium = Debug|Itanium
		Release|Win32 = Release|Win32
		Release|x64 = Release|x64
		Release|Itanium = Release|Itanium
	EndGlobalSection
	GlobalSection(ProjectConfigurationPlatforms) = postSolution
		{80647478-B9DB-4F60-AD0A-046FA8B32CB8}.Debug|Win32.ActiveCfg = Debug|Win32
		{80647478-B9DB-4F60-AD0A-046FA8B32CB8}.Debug|Win32.Build.0 = Debug|Win32
		{80647478-B9DB-4F60-AD0A-046FA8B32CB8}.Debug|x64.ActiveCfg = Debug|x64
		{80647478-B9DB-4F60-AD0A-046FA8B32CB8}.Debug|x64.Build.0 = Debug|x64
		{80647478-B9DB-4F60-AD0A-046FA8B32CB8}.Debug|Itanium.ActiveCfg = Debug|Itanium
		{80647478-B9DB-4F60-AD0A-046FA8B32CB8}.Debug|Itanium.Build.0 = Debug|Itanium
		{80647478-B9DB-4F60-AD0A-046FA8B32CB8}.Release|Win32.ActiveCfg = Release|Win32
		{80647478-B9DB-4F60-AD0A-046FA8B32CB8}.Release|Win32.Build.0 = Release|Win32
		{80647478-B9DB-4F60-AD0A-046FA8B32CB8}.Release|x64.ActiveCfg = Release|x64
		{80647478-B9DB-4F60-AD0A-046FA8B32CB8}.Release|x64.Build.0 = Release|x64
		{80647478-B9DB-4F60-AD0A-046FA8B32CB8}.Release|Itanium.ActiveCfg = Release|Itanium
		{80647478-B9DB-4F60-AD0A-046FA8B32CB8}.Release|Itanium.Build.0 = Release|Itanium
	EndGlobalSection
	GlobalSection(SolutionProperties) = preSolution
		HideSolutionNode = FALSE
	EndGlobalSection
EndGlobal
