Microsoft Visual Studio Solution File, Format Version 9.00
# Visual Studio 2005
Project("{8BC9CEB8-8B4A-11D0-8D11-00A0C91BC942}") = "FloppyClient", "FloppyTransport\FloppyClient\FloppyClient.vcproj", "{25C80F23-5176-436C-8EBC-72F97FA283A5}"
EndProject
Project("{8BC9CEB8-8B4A-11D0-8D11-00A0C91BC942}") = "FloppyServer", "FloppyTransport\FloppyServer\FloppyServer.vcproj", "{FF168100-8156-4DED-91E1-B92FB5453C6C}"
EndProject
Project("{8BC9CEB8-8B4A-11D0-8D11-00A0C91BC942}") = "MQClient", "MSMQTransport\MQClient\MQClient.vcproj", "{C59720F1-1A4D-461B-A1E7-7A73DB974A28}"
EndProject
Project("{8BC9CEB8-8B4A-11D0-8D11-00A0C91BC942}") = "MQServer", "MSMQTransport\MQServer\MQServer.vcproj", "{6CF4DB2E-84E4-41BC-B356-E048E79850B7}"
EndProject
Project("{8BC9CEB8-8B4A-11D0-8D11-00A0C91BC942}") = "TCPClient", "TCPIPTransport\TCPClient\TCPClient.vcproj", "{44400EA8-73B9-481A-8058-556830FECBE3}"
EndProject
Project("{8BC9CEB8-8B4A-11D0-8D11-00A0C91BC942}") = "TCPServer", "TCPIPTransport\TCPServer\TCPServer.vcproj", "{C540A8A0-393D-4B81-9CDF-09289BBC6448}"
EndProject
Project("{8BC9CEB8-8B4A-11D0-8D11-00A0C91BC942}") = "HttpListenerServer", "HTTPListenerTransport\HttpListenerServer\HttpListener.vcproj", "{F7F5AA33-4E6A-49EF-8692-0A8FADBE58D8}"
EndProject
Project("{FAE04EC0-301F-11D3-BF4B-00C04F79EFBC}") = "HttpListenerCSharpClient", "HTTPListenerTransport\HttpListenerCSharpClient\HttpListenerCSharpClient.csproj", "{D168C3BF-72EF-4F5C-B927-CA45E5468BE7}"
EndProject
Global
	GlobalSection(SolutionConfigurationPlatforms) = preSolution
		Debug|Win32 = Debug|Win32
		Debug|x64 = Debug|x64
		Debug|Itanium = Debug|Itanium
		Release|Win32 = Release|Win32
		Release|x64 = Release|x64
		Release|Itanium = Release|Itanium
	EndGlobalSection
	GlobalSection(ProjectConfigurationPlatforms) = postSolution
		{25C80F23-5176-436C-8EBC-72F97FA283A5}.Debug|Win32.ActiveCfg = Debug|Win32
		{25C80F23-5176-436C-8EBC-72F97FA283A5}.Debug|Win32.Build.0 = Debug|Win32
		{25C80F23-5176-436C-8EBC-72F97FA283A5}.Debug|x64.ActiveCfg = Debug|x64
		{25C80F23-5176-436C-8EBC-72F97FA283A5}.Debug|x64.Build.0 = Debug|x64
		{25C80F23-5176-436C-8EBC-72F97FA283A5}.Debug|Itanium.ActiveCfg = Debug|Itanium
		{25C80F23-5176-436C-8EBC-72F97FA283A5}.Debug|Itanium.Build.0 = Debug|Itanium
		{25C80F23-5176-436C-8EBC-72F97FA283A5}.Release|Win32.ActiveCfg = Release|Win32
		{25C80F23-5176-436C-8EBC-72F97FA283A5}.Release|Win32.Build.0 = Release|Win32
		{25C80F23-5176-436C-8EBC-72F97FA283A5}.Release|x64.ActiveCfg = Release|x64
		{25C80F23-5176-436C-8EBC-72F97FA283A5}.Release|x64.Build.0 = Release|x64
		{25C80F23-5176-436C-8EBC-72F97FA283A5}.Release|Itanium.ActiveCfg = Release|Itanium
		{25C80F23-5176-436C-8EBC-72F97FA283A5}.Release|Itanium.Build.0 = Release|Itanium
		{FF168100-8156-4DED-91E1-B92FB5453C6C}.Debug|Win32.ActiveCfg = Debug|Win32
		{FF168100-8156-4DED-91E1-B92FB5453C6C}.Debug|Win32.Build.0 = Debug|Win32
		{FF168100-8156-4DED-91E1-B92FB5453C6C}.Debug|x64.ActiveCfg = Debug|x64
		{FF168100-8156-4DED-91E1-B92FB5453C6C}.Debug|x64.Build.0 = Debug|x64
		{FF168100-8156-4DED-91E1-B92FB5453C6C}.Debug|Itanium.ActiveCfg = Debug|Itanium
		{FF168100-8156-4DED-91E1-B92FB5453C6C}.Debug|Itanium.Build.0 = Debug|Itanium
		{FF168100-8156-4DED-91E1-B92FB5453C6C}.Release|Win32.ActiveCfg = Release|Win32
		{FF168100-8156-4DED-91E1-B92FB5453C6C}.Release|Win32.Build.0 = Release|Win32
		{FF168100-8156-4DED-91E1-B92FB5453C6C}.Release|x64.ActiveCfg = Release|x64
		{FF168100-8156-4DED-91E1-B92FB5453C6C}.Release|x64.Build.0 = Release|x64
		{FF168100-8156-4DED-91E1-B92FB5453C6C}.Release|Itanium.ActiveCfg = Release|Itanium
		{FF168100-8156-4DED-91E1-B92FB5453C6C}.Release|Itanium.Build.0 = Release|Itanium
		{C59720F1-1A4D-461B-A1E7-7A73DB974A28}.Debug|Win32.ActiveCfg = Debug|Win32
		{C59720F1-1A4D-461B-A1E7-7A73DB974A28}.Debug|Win32.Build.0 = Debug|Win32
		{C59720F1-1A4D-461B-A1E7-7A73DB974A28}.Debug|x64.ActiveCfg = Debug|x64
		{C59720F1-1A4D-461B-A1E7-7A73DB974A28}.Debug|x64.Build.0 = Debug|x64
		{C59720F1-1A4D-461B-A1E7-7A73DB974A28}.Debug|Itanium.ActiveCfg = Debug|Itanium
		{C59720F1-1A4D-461B-A1E7-7A73DB974A28}.Debug|Itanium.Build.0 = Debug|Itanium
		{C59720F1-1A4D-461B-A1E7-7A73DB974A28}.Release|Win32.ActiveCfg = Release|Win32
		{C59720F1-1A4D-461B-A1E7-7A73DB974A28}.Release|Win32.Build.0 = Release|Win32
		{C59720F1-1A4D-461B-A1E7-7A73DB974A28}.Release|x64.ActiveCfg = Release|x64
		{C59720F1-1A4D-461B-A1E7-7A73DB974A28}.Release|x64.Build.0 = Release|x64
		{C59720F1-1A4D-461B-A1E7-7A73DB974A28}.Release|Itanium.ActiveCfg = Release|Itanium
		{C59720F1-1A4D-461B-A1E7-7A73DB974A28}.Release|Itanium.Build.0 = Release|Itanium
		{6CF4DB2E-84E4-41BC-B356-E048E79850B7}.Debug|Win32.ActiveCfg = Debug|Win32
		{6CF4DB2E-84E4-41BC-B356-E048E79850B7}.Debug|Win32.Build.0 = Debug|Win32
		{6CF4DB2E-84E4-41BC-B356-E048E79850B7}.Debug|x64.ActiveCfg = Debug|x64
		{6CF4DB2E-84E4-41BC-B356-E048E79850B7}.Debug|x64.Build.0 = Debug|x64
		{6CF4DB2E-84E4-41BC-B356-E048E79850B7}.Debug|Itanium.ActiveCfg = Debug|Itanium
		{6CF4DB2E-84E4-41BC-B356-E048E79850B7}.Debug|Itanium.Build.0 = Debug|Itanium
		{6CF4DB2E-84E4-41BC-B356-E048E79850B7}.Release|Win32.ActiveCfg = Release|Win32
		{6CF4DB2E-84E4-41BC-B356-E048E79850B7}.Release|Win32.Build.0 = Release|Win32
		{6CF4DB2E-84E4-41BC-B356-E048E79850B7}.Release|x64.ActiveCfg = Release|x64
		{6CF4DB2E-84E4-41BC-B356-E048E79850B7}.Release|x64.Build.0 = Release|x64
		{6CF4DB2E-84E4-41BC-B356-E048E79850B7}.Release|Itanium.ActiveCfg = Release|Itanium
		{6CF4DB2E-84E4-41BC-B356-E048E79850B7}.Release|Itanium.Build.0 = Release|Itanium
		{44400EA8-73B9-481A-8058-556830FECBE3}.Debug|Win32.ActiveCfg = Debug|Win32
		{44400EA8-73B9-481A-8058-556830FECBE3}.Debug|x64.ActiveCfg = Debug|x64
		{44400EA8-73B9-481A-8058-556830FECBE3}.Debug|x64.Build.0 = Debug|x64
		{44400EA8-73B9-481A-8058-556830FECBE3}.Debug|Itanium.ActiveCfg = Debug|Itanium
		{44400EA8-73B9-481A-8058-556830FECBE3}.Debug|Itanium.Build.0 = Debug|Itanium
		{44400EA8-73B9-481A-8058-556830FECBE3}.Release|Win32.ActiveCfg = Release|Win32
		{44400EA8-73B9-481A-8058-556830FECBE3}.Release|x64.ActiveCfg = Release|x64
		{44400EA8-73B9-481A-8058-556830FECBE3}.Release|x64.Build.0 = Release|x64
		{44400EA8-73B9-481A-8058-556830FECBE3}.Release|Itanium.ActiveCfg = Release|Itanium
		{44400EA8-73B9-481A-8058-556830FECBE3}.Release|Itanium.Build.0 = Release|Itanium
		{C540A8A0-393D-4B81-9CDF-09289BBC6448}.Debug|Win32.ActiveCfg = Debug|Win32
		{C540A8A0-393D-4B81-9CDF-09289BBC6448}.Debug|x64.ActiveCfg = Debug|x64
		{C540A8A0-393D-4B81-9CDF-09289BBC6448}.Debug|x64.Build.0 = Debug|x64
		{C540A8A0-393D-4B81-9CDF-09289BBC6448}.Debug|Itanium.ActiveCfg = Debug|Itanium
		{C540A8A0-393D-4B81-9CDF-09289BBC6448}.Debug|Itanium.Build.0 = Debug|Itanium
		{C540A8A0-393D-4B81-9CDF-09289BBC6448}.Release|Win32.ActiveCfg = Release|Win32
		{C540A8A0-393D-4B81-9CDF-09289BBC6448}.Release|x64.ActiveCfg = Release|x64
		{C540A8A0-393D-4B81-9CDF-09289BBC6448}.Release|x64.Build.0 = Release|x64
		{C540A8A0-393D-4B81-9CDF-09289BBC6448}.Release|Itanium.ActiveCfg = Release|Itanium
		{C540A8A0-393D-4B81-9CDF-09289BBC6448}.Release|Itanium.Build.0 = Release|Itanium
		{F7F5AA33-4E6A-49EF-8692-0A8FADBE58D8}.Debug|Win32.ActiveCfg = Debug|Win32
		{F7F5AA33-4E6A-49EF-8692-0A8FADBE58D8}.Debug|x64.ActiveCfg = Debug|x64
		{F7F5AA33-4E6A-49EF-8692-0A8FADBE58D8}.Debug|x64.Build.0 = Debug|x64
		{F7F5AA33-4E6A-49EF-8692-0A8FADBE58D8}.Debug|Itanium.ActiveCfg = Debug|Itanium
		{F7F5AA33-4E6A-49EF-8692-0A8FADBE58D8}.Debug|Itanium.Build.0 = Debug|Itanium
		{F7F5AA33-4E6A-49EF-8692-0A8FADBE58D8}.Release|Win32.ActiveCfg = Release|Win32
		{F7F5AA33-4E6A-49EF-8692-0A8FADBE58D8}.Release|x64.ActiveCfg = Release|x64
		{F7F5AA33-4E6A-49EF-8692-0A8FADBE58D8}.Release|x64.Build.0 = Release|x64
		{F7F5AA33-4E6A-49EF-8692-0A8FADBE58D8}.Release|Itanium.ActiveCfg = Release|Itanium
		{F7F5AA33-4E6A-49EF-8692-0A8FADBE58D8}.Release|Itanium.Build.0 = Release|Itanium
		{D168C3BF-72EF-4F5C-B927-CA45E5468BE7}.Debug|Win32.ActiveCfg = Debug|Any CPU
		{D168C3BF-72EF-4F5C-B927-CA45E5468BE7}.Debug|Win64 (AMD64).ActiveCfg = Debug|Any CPU
		{D168C3BF-72EF-4F5C-B927-CA45E5468BE7}.Debug|Win64 (Itanium).ActiveCfg = Debug|Any CPU
		{D168C3BF-72EF-4F5C-B927-CA45E5468BE7}.Release|Win32.ActiveCfg = Release|Any CPU
		{D168C3BF-72EF-4F5C-B927-CA45E5468BE7}.Release|Win64 (AMD64).ActiveCfg = Release|Any CPU
		{D168C3BF-72EF-4F5C-B927-CA45E5468BE7}.Release|Win64 (Itanium).ActiveCfg = Release|Any CPU
	EndGlobalSection
	GlobalSection(SolutionProperties) = preSolution
		HideSolutionNode = FALSE
	EndGlobalSection
EndGlobal
